
Microsoft Visual Studio Solution File, Format Version 12.00
# Visual Studio Version 17
VisualStudioVersion = 17.8.34525.116
MinimumVisualStudioVersion = 10.0.40219.1
Project("{FAE04EC0-301F-11D3-BF4B-00C04F79EFBC}") = "CV011", "CV011.csproj", "{EE61416A-0DA1-44F1-83EE-B66448B48BF7}"
EndProject
Global
	GlobalSection(SolutionConfigurationPlatforms) = preSolution
		Debug|Any CPU = Debug|Any CPU
		Release|Any CPU = Release|Any CPU
	EndGlobalSection
	GlobalSection(ProjectConfigurationPlatforms) = postSolution
		{EE61416A-0DA1-44F1-83EE-B66448B48BF7}.Debug|Any CPU.ActiveCfg = Debug|Any CPU
		{EE61416A-0DA1-44F1-83EE-B66448B48BF7}.Debug|Any CPU.Build.0 = Debug|Any CPU
		{EE61416A-0DA1-44F1-83EE-B66448B48BF7}.Release|Any CPU.ActiveCfg = Release|Any CPU
		{EE61416A-0DA1-44F1-83EE-B66448B48BF7}.Release|Any CPU.Build.0 = Release|Any CPU
	EndGlobalSection
	GlobalSection(SolutionProperties) = preSolution
		HideSolutionNode = FALSE
	EndGlobalSection
	GlobalSection(ExtensibilityGlobals) = postSolution
		SolutionGuid = {17F1BB7B-E24D-43FF-B569-6873C57D3D28}
	EndGlobalSection
EndGlobal
